
Microsoft Visual Studio Solution File, Format Version 12.00
# Visual Studio Version 17
VisualStudioVersion = 17.5.33516.290
MinimumVisualStudioVersion = 10.0.40219.1
Project("{2150E333-8FDC-42A3-9474-1A3956D46DE8}") = "src", "src", "{2532A61D-849A-44DB-83E3-71AAC664AB86}"
EndProject
Project("{9A19103F-16F7-4668-BE54-9A1E7A4F7556}") = "ShadowRoller.DiscordBot", "src\ShadowRoller.DiscordBot\ShadowRoller.DiscordBot.csproj", "{44029358-D78A-4216-93E8-C0468DB51F2A}"
EndProject
Project("{2150E333-8FDC-42A3-9474-1A3956D46DE8}") = "tests", "tests", "{6ECBE80E-B354-47F6-88B8-3DBA2EC543B4}"
EndProject
Project("{9A19103F-16F7-4668-BE54-9A1E7A4F7556}") = "ShadowRoller.Domain.Tests", "tests\ShadowRoller.Domain.Tests\ShadowRoller.Domain.Tests.csproj", "{25B71CC1-B081-405D-971A-5413CA7C1994}"
EndProject
Project("{9A19103F-16F7-4668-BE54-9A1E7A4F7556}") = "ShadowRoller.Domain", "src\ShadowRoller.Domain\ShadowRoller.Domain.csproj", "{22CA4E4A-8B8A-42A1-9AAD-1FA608750DE1}"
EndProject
Global
	GlobalSection(SolutionConfigurationPlatforms) = preSolution
		Debug|Any CPU = Debug|Any CPU
		Release|Any CPU = Release|Any CPU
	EndGlobalSection
	GlobalSection(ProjectConfigurationPlatforms) = postSolution
		{44029358-D78A-4216-93E8-C0468DB51F2A}.Debug|Any CPU.ActiveCfg = Debug|Any CPU
		{44029358-D78A-4216-93E8-C0468DB51F2A}.Debug|Any CPU.Build.0 = Debug|Any CPU
		{44029358-D78A-4216-93E8-C0468DB51F2A}.Release|Any CPU.ActiveCfg = Release|Any CPU
		{44029358-D78A-4216-93E8-C0468DB51F2A}.Release|Any CPU.Build.0 = Release|Any CPU
		{25B71CC1-B081-405D-971A-5413CA7C1994}.Debug|Any CPU.ActiveCfg = Debug|Any CPU
		{25B71CC1-B081-405D-971A-5413CA7C1994}.Debug|Any CPU.Build.0 = Debug|Any CPU
		{25B71CC1-B081-405D-971A-5413CA7C1994}.Release|Any CPU.ActiveCfg = Release|Any CPU
		{25B71CC1-B081-405D-971A-5413CA7C1994}.Release|Any CPU.Build.0 = Release|Any CPU
		{22CA4E4A-8B8A-42A1-9AAD-1FA608750DE1}.Debug|Any CPU.ActiveCfg = Debug|Any CPU
		{22CA4E4A-8B8A-42A1-9AAD-1FA608750DE1}.Debug|Any CPU.Build.0 = Debug|Any CPU
		{22CA4E4A-8B8A-42A1-9AAD-1FA608750DE1}.Release|Any CPU.ActiveCfg = Release|Any CPU
		{22CA4E4A-8B8A-42A1-9AAD-1FA608750DE1}.Release|Any CPU.Build.0 = Release|Any CPU
	EndGlobalSection
	GlobalSection(SolutionProperties) = preSolution
		HideSolutionNode = FALSE
	EndGlobalSection
	GlobalSection(NestedProjects) = preSolution
		{44029358-D78A-4216-93E8-C0468DB51F2A} = {2532A61D-849A-44DB-83E3-71AAC664AB86}
		{25B71CC1-B081-405D-971A-5413CA7C1994} = {6ECBE80E-B354-47F6-88B8-3DBA2EC543B4}
		{22CA4E4A-8B8A-42A1-9AAD-1FA608750DE1} = {2532A61D-849A-44DB-83E3-71AAC664AB86}
	EndGlobalSection
	GlobalSection(ExtensibilityGlobals) = postSolution
		SolutionGuid = {57573D30-69F4-42AA-9F58-A48533A90EC4}
	EndGlobalSection
EndGlobal
